<?xml version="1.0" encoding="utf-8"?>
<Project ToolsVersion="4.0" xmlns="http://schemas.microsoft.com/developer/msbuild/2003">
  <ItemGroup>
    <Filter Include="Source Files">
      <UniqueIdentifier>{4FC737F1-C7A5-4376-A066-2A32D752A2FF}</UniqueIdentifier>
      <Extensions>cpp;c;cc;cxx;c++;cppm;ixx;def;odl;idl;hpj;bat;asm;asmx</Extensions>
    </Filter>
    <Filter Include="Header Files">
      <UniqueIdentifier>{93995380-89BD-4b04-88EB-625FBE52EBFB}</UniqueIdentifier>
      <Extensions>h;hh;hpp;hxx;h++;hm;inl;inc;ipp;xsd</Extensions>
    </Filter>
    <Filter Include="Resource Files">
      <UniqueIdentifier>{67DA6AB6-F800-4c08-8B7A-83BB121AAD01}</UniqueIdentifier>
      <Extensions>rc;ico;cur;bmp;dlg;rc2;rct;bin;rgs;gif;jpg;jpeg;jpe;resx;tiff;tif;png;wav;mfcribbon-ms</Extensions>
    </Filter>
  </ItemGroup>
  <ItemGroup>
    <ClCompile Include="main.cpp">
      <Filter>Source Files</Filter>
    </ClCompile>
    <ClCompile Include="Station.cpp">
      <Filter>Header Files</Filter>
    </ClCompile>
    <ClCompile Include="Line.cpp">
      <Filter>Header Files</Filter>
    </ClCompile>
    <ClCompile Include="Traffic.cpp">
      <Filter>Header Files</Filter>
    </ClCompile>
    <ClCompile Include="StringTrimmer.cpp">
      <Filter>Header Files</Filter>
    </ClCompile>
    <ClCompile Include="Terminal.cpp">
      <Filter>Header Files</Filter>
    </ClCompile>
    <ClCompile Include="Exception.cpp">
      <Filter>Header Files</Filter>
    </ClCompile>
    <ClCompile Include="ShowStationCommand.cpp">
      <Filter>Header Files</Filter>
    </ClCompile>
    <ClCompile Include="ShowLineCommand.cpp">
      <Filter>Header Files</Filter>
    </ClCompile>
    <ClCompile Include="ShowPathCommand.cpp">
      <Filter>Header Files</Filter>
    </ClCompile>
    <ClCompile Include="ShowTourCommand.cpp">
      <Filter>Header Files</Filter>
    </ClCompile>
    <ClCompile Include="DeleteStationCommand.cpp">
      <Filter>Header Files</Filter>
    </ClCompile>
    <ClCompile Include="TestCommand.cpp">
      <Filter>Header Files</Filter>
    </ClCompile>
    <ClCompile Include="LoadingCommand.cpp">
      <Filter>Header Files</Filter>
    </ClCompile>
    <ClCompile Include="NotLoadedCommand.cpp">
      <Filter>Header Files</Filter>
    </ClCompile>
    <ClCompile Include="Command.cpp">
      <Filter>Header Files</Filter>
    </ClCompile>
    <ClCompile Include="LoadedCommand.cpp">
      <Filter>Header Files</Filter>
    </ClCompile>
    <ClCompile Include="CommandManager.cpp">
      <Filter>Header Files</Filter>
    </ClCompile>
  </ItemGroup>
  <ItemGroup>
    <ClInclude Include="Station.h">
      <Filter>Header Files</Filter>
    </ClInclude>
    <ClInclude Include="Line.h">
      <Filter>Header Files</Filter>
    </ClInclude>
    <ClInclude Include="Traffic.h">
      <Filter>Header Files</Filter>
    </ClInclude>
    <ClInclude Include="StringTrimmer.h">
      <Filter>Header Files</Filter>
    </ClInclude>
    <ClInclude Include="Terminal.h">
      <Filter>Header Files</Filter>
    </ClInclude>
    <ClInclude Include="Exception.h">
      <Filter>Header Files</Filter>
    </ClInclude>
    <ClInclude Include="Command.h">
      <Filter>Header Files</Filter>
    </ClInclude>
    <ClInclude Include="CommandManager.h">
      <Filter>Header Files</Filter>
    </ClInclude>
    <ClInclude Include="ShowStationCommand.h">
      <Filter>Header Files</Filter>
    </ClInclude>
    <ClInclude Include="ShowLineCommand.h">
      <Filter>Header Files</Filter>
    </ClInclude>
    <ClInclude Include="ShowPathCommand.h">
      <Filter>Header Files</Filter>
    </ClInclude>
    <ClInclude Include="ShowTourCommand.h">
      <Filter>Header Files</Filter>
    </ClInclude>
    <ClInclude Include="DeleteStationCommand.h">
      <Filter>Header Files</Filter>
    </ClInclude>
    <ClInclude Include="TestCommand.h">
      <Filter>Header Files</Filter>
    </ClInclude>
    <ClInclude Include="LoadingCommand.h">
      <Filter>Header Files</Filter>
    </ClInclude>
    <ClInclude Include="NotLoadedCommand.h">
      <Filter>Header Files</Filter>
    </ClInclude>
    <ClInclude Include="LoadedCommand.h">
      <Filter>Header Files</Filter>
    </ClInclude>
  </ItemGroup>
</Project>